# This file is @generated by PDM.
# It is not intended for manual editing.

[metadata]
groups = ["default", "dev"]
strategy = ["cross_platform", "inherit_metadata"]
lock_version = "4.4.1"
content_hash = "sha256:c3464e500baf8f343b4774b4a82c026060a33b56f6e37210e6bcec3f6a3b4aa3"

[[package]]
name = "splendor-bot"
version = "0.1.0"
requires_python = "==3.11.*"
editable = true
path = "./."
summary = "Default template for PDM package"
groups = ["dev"]
